
Microsoft Visual Studio Solution File, Format Version 12.00
# Visual Studio 15
Project("{FAE04EC0-301F-11D3-BF4B-00C04F79EFBC}") = "UnityEngine.TestRunner", "UnityEngine.TestRunner.csproj", "{79CE552F-194D-19F3-2F6B-15678ACDC0DC}"
EndProject
Project("{FAE04EC0-301F-11D3-BF4B-00C04F79EFBC}") = "UnityEngine.UI", "UnityEngine.UI.csproj", "{CA67DC4C-D880-A5E3-BB6A-0FEC693ECC92}"
EndProject
Project("{FAE04EC0-301F-11D3-BF4B-00C04F79EFBC}") = "Assembly-CSharp", "Assembly-CSharp.csproj", "{4B8E3779-1C56-0123-7F06-4D914D5AF688}"
EndProject
Project("{FAE04EC0-301F-11D3-BF4B-00C04F79EFBC}") = "UnityEditor.TestRunner", "UnityEditor.TestRunner.csproj", "{E9262FA3-25A6-E783-DD6D-F892A9AD83A1}"
EndProject
Project("{FAE04EC0-301F-11D3-BF4B-00C04F79EFBC}") = "UnityEditor.UI", "UnityEditor.UI.csproj", "{9643D61B-3541-7530-9F00-F0D563E58F0B}"
EndProject
Project("{FAE04EC0-301F-11D3-BF4B-00C04F79EFBC}") = "Unity.VisualStudio.Editor", "Unity.VisualStudio.Editor.csproj", "{E0E95679-8B82-0146-24FC-88DCC2FE4F94}"
EndProject
Project("{FAE04EC0-301F-11D3-BF4B-00C04F79EFBC}") = "asset-store-tools-editor", "asset-store-tools-editor.csproj", "{E02A1E48-1975-3320-945A-E5FA347E5ADE}"
EndProject
Project("{FAE04EC0-301F-11D3-BF4B-00C04F79EFBC}") = "Unity.2D.Sprite.Editor", "Unity.2D.Sprite.Editor.csproj", "{CF4A7D2D-6F85-3A15-17A3-B645542A00D0}"
EndProject
Project("{FAE04EC0-301F-11D3-BF4B-00C04F79EFBC}") = "Unity.VSCode.Editor", "Unity.VSCode.Editor.csproj", "{62BE078F-5DA6-C2D9-17D3-36085984706F}"
EndProject
Project("{FAE04EC0-301F-11D3-BF4B-00C04F79EFBC}") = "Assembly-CSharp-Editor", "Assembly-CSharp-Editor.csproj", "{74D1A372-CCF1-0868-257A-4B30A59DC644}"
EndProject
Project("{FAE04EC0-301F-11D3-BF4B-00C04F79EFBC}") = "UnityEngine.TestRunner", "UnityEngine.TestRunner.Player.csproj", "{0C9CE104-84E9-9B44-C38D-A0DA70CA0751}"
EndProject
Project("{FAE04EC0-301F-11D3-BF4B-00C04F79EFBC}") = "UnityEngine.UI", "UnityEngine.UI.Player.csproj", "{23390B29-09FC-4C50-8DD9-3CCB8E228CAA}"
EndProject
Project("{FAE04EC0-301F-11D3-BF4B-00C04F79EFBC}") = "Assembly-CSharp", "Assembly-CSharp.Player.csproj", "{953311C8-268F-F0D4-8A3F-C9524BAFA040}"
EndProject
Global
	GlobalSection(SolutionConfigurationPlatforms) = preSolution
		Debug|Any CPU = Debug|Any CPU
		Release|Any CPU = Release|Any CPU
	EndGlobalSection
	GlobalSection(ProjectConfigurationPlatforms) = postSolution
		{79CE552F-194D-19F3-2F6B-15678ACDC0DC}.Debug|Any CPU.ActiveCfg = Debug|Any CPU
		{79CE552F-194D-19F3-2F6B-15678ACDC0DC}.Debug|Any CPU.Build.0 = Debug|Any CPU
		{79CE552F-194D-19F3-2F6B-15678ACDC0DC}.Release|Any CPU.ActiveCfg = Release|Any CPU
		{79CE552F-194D-19F3-2F6B-15678ACDC0DC}.Release|Any CPU.Build.0 = Release|Any CPU
		{CA67DC4C-D880-A5E3-BB6A-0FEC693ECC92}.Debug|Any CPU.ActiveCfg = Debug|Any CPU
		{CA67DC4C-D880-A5E3-BB6A-0FEC693ECC92}.Debug|Any CPU.Build.0 = Debug|Any CPU
		{CA67DC4C-D880-A5E3-BB6A-0FEC693ECC92}.Release|Any CPU.ActiveCfg = Release|Any CPU
		{CA67DC4C-D880-A5E3-BB6A-0FEC693ECC92}.Release|Any CPU.Build.0 = Release|Any CPU
		{4B8E3779-1C56-0123-7F06-4D914D5AF688}.Debug|Any CPU.ActiveCfg = Debug|Any CPU
		{4B8E3779-1C56-0123-7F06-4D914D5AF688}.Debug|Any CPU.Build.0 = Debug|Any CPU
		{4B8E3779-1C56-0123-7F06-4D914D5AF688}.Release|Any CPU.ActiveCfg = Release|Any CPU
		{4B8E3779-1C56-0123-7F06-4D914D5AF688}.Release|Any CPU.Build.0 = Release|Any CPU
		{E9262FA3-25A6-E783-DD6D-F892A9AD83A1}.Debug|Any CPU.ActiveCfg = Debug|Any CPU
		{E9262FA3-25A6-E783-DD6D-F892A9AD83A1}.Debug|Any CPU.Build.0 = Debug|Any CPU
		{E9262FA3-25A6-E783-DD6D-F892A9AD83A1}.Release|Any CPU.ActiveCfg = Release|Any CPU
		{E9262FA3-25A6-E783-DD6D-F892A9AD83A1}.Release|Any CPU.Build.0 = Release|Any CPU
		{9643D61B-3541-7530-9F00-F0D563E58F0B}.Debug|Any CPU.ActiveCfg = Debug|Any CPU
		{9643D61B-3541-7530-9F00-F0D563E58F0B}.Debug|Any CPU.Build.0 = Debug|Any CPU
		{9643D61B-3541-7530-9F00-F0D563E58F0B}.Release|Any CPU.ActiveCfg = Release|Any CPU
		{9643D61B-3541-7530-9F00-F0D563E58F0B}.Release|Any CPU.Build.0 = Release|Any CPU
		{E0E95679-8B82-0146-24FC-88DCC2FE4F94}.Debug|Any CPU.ActiveCfg = Debug|Any CPU
		{E0E95679-8B82-0146-24FC-88DCC2FE4F94}.Debug|Any CPU.Build.0 = Debug|Any CPU
		{E0E95679-8B82-0146-24FC-88DCC2FE4F94}.Release|Any CPU.ActiveCfg = Release|Any CPU
		{E0E95679-8B82-0146-24FC-88DCC2FE4F94}.Release|Any CPU.Build.0 = Release|Any CPU
		{E02A1E48-1975-3320-945A-E5FA347E5ADE}.Debug|Any CPU.ActiveCfg = Debug|Any CPU
		{E02A1E48-1975-3320-945A-E5FA347E5ADE}.Debug|Any CPU.Build.0 = Debug|Any CPU
		{E02A1E48-1975-3320-945A-E5FA347E5ADE}.Release|Any CPU.ActiveCfg = Release|Any CPU
		{E02A1E48-1975-3320-945A-E5FA347E5ADE}.Release|Any CPU.Build.0 = Release|Any CPU
		{CF4A7D2D-6F85-3A15-17A3-B645542A00D0}.Debug|Any CPU.ActiveCfg = Debug|Any CPU
		{CF4A7D2D-6F85-3A15-17A3-B645542A00D0}.Debug|Any CPU.Build.0 = Debug|Any CPU
		{CF4A7D2D-6F85-3A15-17A3-B645542A00D0}.Release|Any CPU.ActiveCfg = Release|Any CPU
		{CF4A7D2D-6F85-3A15-17A3-B645542A00D0}.Release|Any CPU.Build.0 = Release|Any CPU
		{62BE078F-5DA6-C2D9-17D3-36085984706F}.Debug|Any CPU.ActiveCfg = Debug|Any CPU
		{62BE078F-5DA6-C2D9-17D3-36085984706F}.Debug|Any CPU.Build.0 = Debug|Any CPU
		{62BE078F-5DA6-C2D9-17D3-36085984706F}.Release|Any CPU.ActiveCfg = Release|Any CPU
		{62BE078F-5DA6-C2D9-17D3-36085984706F}.Release|Any CPU.Build.0 = Release|Any CPU
		{74D1A372-CCF1-0868-257A-4B30A59DC644}.Debug|Any CPU.ActiveCfg = Debug|Any CPU
		{74D1A372-CCF1-0868-257A-4B30A59DC644}.Debug|Any CPU.Build.0 = Debug|Any CPU
		{74D1A372-CCF1-0868-257A-4B30A59DC644}.Release|Any CPU.ActiveCfg = Release|Any CPU
		{74D1A372-CCF1-0868-257A-4B30A59DC644}.Release|Any CPU.Build.0 = Release|Any CPU
		{0C9CE104-84E9-9B44-C38D-A0DA70CA0751}.Debug|Any CPU.ActiveCfg = Debug|Any CPU
		{0C9CE104-84E9-9B44-C38D-A0DA70CA0751}.Debug|Any CPU.Build.0 = Debug|Any CPU
		{0C9CE104-84E9-9B44-C38D-A0DA70CA0751}.Release|Any CPU.ActiveCfg = Release|Any CPU
		{0C9CE104-84E9-9B44-C38D-A0DA70CA0751}.Release|Any CPU.Build.0 = Release|Any CPU
		{23390B29-09FC-4C50-8DD9-3CCB8E228CAA}.Debug|Any CPU.ActiveCfg = Debug|Any CPU
		{23390B29-09FC-4C50-8DD9-3CCB8E228CAA}.Debug|Any CPU.Build.0 = Debug|Any CPU
		{23390B29-09FC-4C50-8DD9-3CCB8E228CAA}.Release|Any CPU.ActiveCfg = Release|Any CPU
		{23390B29-09FC-4C50-8DD9-3CCB8E228CAA}.Release|Any CPU.Build.0 = Release|Any CPU
		{953311C8-268F-F0D4-8A3F-C9524BAFA040}.Debug|Any CPU.ActiveCfg = Debug|Any CPU
		{953311C8-268F-F0D4-8A3F-C9524BAFA040}.Debug|Any CPU.Build.0 = Debug|Any CPU
		{953311C8-268F-F0D4-8A3F-C9524BAFA040}.Release|Any CPU.ActiveCfg = Release|Any CPU
		{953311C8-268F-F0D4-8A3F-C9524BAFA040}.Release|Any CPU.Build.0 = Release|Any CPU
	EndGlobalSection
	GlobalSection(SolutionProperties) = preSolution
		HideSolutionNode = FALSE
	EndGlobalSection
EndGlobal
